
Microsoft Visual Studio Solution File, Format Version 12.00
# Visual Studio 15
VisualStudioVersion = 15.0.28307.852
MinimumVisualStudioVersion = 10.0.40219.1
Project("{FAE04EC0-301F-11D3-BF4B-00C04F79EFBC}") = "DafnyDriver", "DafnyDriver\DafnyDriver.csproj", "{63400D1F-05B2-453E-9592-1EAB74B2C9CC}"
EndProject
Project("{FAE04EC0-301F-11D3-BF4B-00C04F79EFBC}") = "DafnyPipeline", "Dafny\DafnyPipeline.csproj", "{FE44674A-1633-4917-99F4-57635E6FA740}"
EndProject
Project("{FAE04EC0-301F-11D3-BF4B-00C04F79EFBC}") = "DafnyRuntime", "DafnyRuntime\DafnyRuntime.csproj", "{3E2944E9-3E1D-4E03-A881-FB04A7A6ED67}"
EndProject
Project("{2150E333-8FDC-42A3-9474-1A3956D46DE8}") = "Dafny", "Dafny", "{CEEAD6CB-D3C5-442A-9198-9E27E39DE871}"
EndProject
Project("{FAE04EC0-301F-11D3-BF4B-00C04F79EFBC}") = "DafnyLanguageServer", "DafnyLanguageServer\DafnyLanguageServer.csproj", "{6D4E722B-FC78-4989-A239-13887C8751F2}"
EndProject
Project("{2150E333-8FDC-42A3-9474-1A3956D46DE8}") = "Test", "Test", "{37A085B6-5F76-4255-BF6B-5DD5DE1023EA}"
EndProject
Project("{9A19103F-16F7-4668-BE54-9A1E7A4F7556}") = "CompileHandlerTest", "..\Test\CompileHandlerTest\CompileHandlerTest.csproj", "{8D4722CA-573B-4839-91AB-CD3B5A7D1A86}"
EndProject
Project("{9A19103F-16F7-4668-BE54-9A1E7A4F7556}") = "CompletionHandlerTest", "..\Test\CompletionHandlerTest\CompletionHandlerTest.csproj", "{176EBC8D-9DB9-4F24-BE05-57D0C102F4DF}"
EndProject
Project("{9A19103F-16F7-4668-BE54-9A1E7A4F7556}") = "VerificationServiceTest", "..\Test\VerificationServiceTest\VerificationServiceTest.csproj", "{BCAB0A03-E8FE-4965-AE7B-203AB4C08946}"
EndProject
Project("{9A19103F-16F7-4668-BE54-9A1E7A4F7556}") = "CounterExampleTest", "..\Test\CounterExampleTest\CounterExampleTest.csproj", "{B9E7C32F-F342-4594-8973-0EF7F9E4823E}"
EndProject
Project("{FAE04EC0-301F-11D3-BF4B-00C04F79EFBC}") = "DafnyServer", "DafnyServer\DafnyServer.csproj", "{AC9B21AE-EBC1-4A27-AD11-ED031FC7B4A2}"
EndProject
Project("{9A19103F-16F7-4668-BE54-9A1E7A4F7556}") = "LSPIntegrationTests", "..\Test\LSPIntegrationTests\LSPIntegrationTests.csproj", "{FE13958F-22F0-4AD6-B795-B2A2299ACF6F}"
EndProject
Project("{9A19103F-16F7-4668-BE54-9A1E7A4F7556}") = "ContentManagerTests", "..\Test\FileHelperTests\ContentManagerTests.csproj", "{472CF6CA-0D9B-4399-9242-85D944CD6054}"
EndProject
Global
	GlobalSection(SolutionConfigurationPlatforms) = preSolution
		Checked|.NET = Checked|.NET
		Checked|Any CPU = Checked|Any CPU
		Checked|Mixed Platforms = Checked|Mixed Platforms
		Checked|x86 = Checked|x86
		Debug|.NET = Debug|.NET
		Debug|Any CPU = Debug|Any CPU
		Debug|Mixed Platforms = Debug|Mixed Platforms
		Debug|x86 = Debug|x86
		QED|.NET = QED|.NET
		QED|Any CPU = QED|Any CPU
		QED|Mixed Platforms = QED|Mixed Platforms
		QED|x86 = QED|x86
		Release|.NET = Release|.NET
		Release|Any CPU = Release|Any CPU
		Release|Mixed Platforms = Release|Mixed Platforms
		Release|x86 = Release|x86
	EndGlobalSection
	GlobalSection(ProjectConfigurationPlatforms) = postSolution
		{63400D1F-05B2-453E-9592-1EAB74B2C9CC}.Checked|.NET.ActiveCfg = Checked|Any CPU
		{63400D1F-05B2-453E-9592-1EAB74B2C9CC}.Checked|.NET.Build.0 = Checked|Any CPU
		{63400D1F-05B2-453E-9592-1EAB74B2C9CC}.Checked|Any CPU.ActiveCfg = Debug|Any CPU
		{63400D1F-05B2-453E-9592-1EAB74B2C9CC}.Checked|Any CPU.Build.0 = Debug|Any CPU
		{63400D1F-05B2-453E-9592-1EAB74B2C9CC}.Checked|Mixed Platforms.ActiveCfg = Checked|Any CPU
		{63400D1F-05B2-453E-9592-1EAB74B2C9CC}.Checked|Mixed Platforms.Build.0 = Checked|Any CPU
		{63400D1F-05B2-453E-9592-1EAB74B2C9CC}.Checked|x86.ActiveCfg = Checked|Any CPU
		{63400D1F-05B2-453E-9592-1EAB74B2C9CC}.Checked|x86.Build.0 = Checked|Any CPU
		{63400D1F-05B2-453E-9592-1EAB74B2C9CC}.Debug|.NET.ActiveCfg = Debug|Any CPU
		{63400D1F-05B2-453E-9592-1EAB74B2C9CC}.Debug|.NET.Build.0 = Debug|Any CPU
		{63400D1F-05B2-453E-9592-1EAB74B2C9CC}.Debug|Any CPU.ActiveCfg = Debug|Any CPU
		{63400D1F-05B2-453E-9592-1EAB74B2C9CC}.Debug|Any CPU.Build.0 = Debug|Any CPU
		{63400D1F-05B2-453E-9592-1EAB74B2C9CC}.Debug|Mixed Platforms.ActiveCfg = Debug|Any CPU
		{63400D1F-05B2-453E-9592-1EAB74B2C9CC}.Debug|Mixed Platforms.Build.0 = Debug|Any CPU
		{63400D1F-05B2-453E-9592-1EAB74B2C9CC}.Debug|x86.ActiveCfg = Debug|Any CPU
		{63400D1F-05B2-453E-9592-1EAB74B2C9CC}.Debug|x86.Build.0 = Debug|Any CPU
		{63400D1F-05B2-453E-9592-1EAB74B2C9CC}.QED|.NET.ActiveCfg = Release|Any CPU
		{63400D1F-05B2-453E-9592-1EAB74B2C9CC}.QED|.NET.Build.0 = Release|Any CPU
		{63400D1F-05B2-453E-9592-1EAB74B2C9CC}.QED|Any CPU.ActiveCfg = Release|Any CPU
		{63400D1F-05B2-453E-9592-1EAB74B2C9CC}.QED|Any CPU.Build.0 = Release|Any CPU
		{63400D1F-05B2-453E-9592-1EAB74B2C9CC}.QED|Mixed Platforms.ActiveCfg = Release|Any CPU
		{63400D1F-05B2-453E-9592-1EAB74B2C9CC}.QED|Mixed Platforms.Build.0 = Release|Any CPU
		{63400D1F-05B2-453E-9592-1EAB74B2C9CC}.QED|x86.ActiveCfg = Release|Any CPU
		{63400D1F-05B2-453E-9592-1EAB74B2C9CC}.QED|x86.Build.0 = Release|Any CPU
		{63400D1F-05B2-453E-9592-1EAB74B2C9CC}.Release|.NET.ActiveCfg = Release|Any CPU
		{63400D1F-05B2-453E-9592-1EAB74B2C9CC}.Release|Any CPU.ActiveCfg = Release|Any CPU
		{63400D1F-05B2-453E-9592-1EAB74B2C9CC}.Release|Any CPU.Build.0 = Release|Any CPU
		{63400D1F-05B2-453E-9592-1EAB74B2C9CC}.Release|Mixed Platforms.ActiveCfg = Release|Any CPU
		{63400D1F-05B2-453E-9592-1EAB74B2C9CC}.Release|Mixed Platforms.Build.0 = Release|Any CPU
		{63400D1F-05B2-453E-9592-1EAB74B2C9CC}.Release|x86.ActiveCfg = Release|Any CPU
		{63400D1F-05B2-453E-9592-1EAB74B2C9CC}.Release|x86.Build.0 = Release|Any CPU
		{FE44674A-1633-4917-99F4-57635E6FA740}.Checked|.NET.ActiveCfg = Checked|Any CPU
		{FE44674A-1633-4917-99F4-57635E6FA740}.Checked|.NET.Build.0 = Checked|Any CPU
		{FE44674A-1633-4917-99F4-57635E6FA740}.Checked|Any CPU.ActiveCfg = Debug|Any CPU
		{FE44674A-1633-4917-99F4-57635E6FA740}.Checked|Any CPU.Build.0 = Debug|Any CPU
		{FE44674A-1633-4917-99F4-57635E6FA740}.Checked|Mixed Platforms.ActiveCfg = Checked|Any CPU
		{FE44674A-1633-4917-99F4-57635E6FA740}.Checked|Mixed Platforms.Build.0 = Checked|Any CPU
		{FE44674A-1633-4917-99F4-57635E6FA740}.Checked|x86.ActiveCfg = Checked|Any CPU
		{FE44674A-1633-4917-99F4-57635E6FA740}.Checked|x86.Build.0 = Checked|Any CPU
		{FE44674A-1633-4917-99F4-57635E6FA740}.Debug|.NET.ActiveCfg = Debug|Any CPU
		{FE44674A-1633-4917-99F4-57635E6FA740}.Debug|.NET.Build.0 = Debug|Any CPU
		{FE44674A-1633-4917-99F4-57635E6FA740}.Debug|Any CPU.ActiveCfg = Debug|Any CPU
		{FE44674A-1633-4917-99F4-57635E6FA740}.Debug|Any CPU.Build.0 = Debug|Any CPU
		{FE44674A-1633-4917-99F4-57635E6FA740}.Debug|Mixed Platforms.ActiveCfg = Debug|Any CPU
		{FE44674A-1633-4917-99F4-57635E6FA740}.Debug|Mixed Platforms.Build.0 = Debug|Any CPU
		{FE44674A-1633-4917-99F4-57635E6FA740}.Debug|x86.ActiveCfg = Debug|Any CPU
		{FE44674A-1633-4917-99F4-57635E6FA740}.Debug|x86.Build.0 = Debug|Any CPU
		{FE44674A-1633-4917-99F4-57635E6FA740}.QED|.NET.ActiveCfg = Release|Any CPU
		{FE44674A-1633-4917-99F4-57635E6FA740}.QED|.NET.Build.0 = Release|Any CPU
		{FE44674A-1633-4917-99F4-57635E6FA740}.QED|Any CPU.ActiveCfg = Release|Any CPU
		{FE44674A-1633-4917-99F4-57635E6FA740}.QED|Any CPU.Build.0 = Release|Any CPU
		{FE44674A-1633-4917-99F4-57635E6FA740}.QED|Mixed Platforms.ActiveCfg = Release|Any CPU
		{FE44674A-1633-4917-99F4-57635E6FA740}.QED|Mixed Platforms.Build.0 = Release|Any CPU
		{FE44674A-1633-4917-99F4-57635E6FA740}.QED|x86.ActiveCfg = Release|Any CPU
		{FE44674A-1633-4917-99F4-57635E6FA740}.QED|x86.Build.0 = Release|Any CPU
		{FE44674A-1633-4917-99F4-57635E6FA740}.Release|.NET.ActiveCfg = Release|Any CPU
		{FE44674A-1633-4917-99F4-57635E6FA740}.Release|Any CPU.ActiveCfg = Release|Any CPU
		{FE44674A-1633-4917-99F4-57635E6FA740}.Release|Any CPU.Build.0 = Release|Any CPU
		{FE44674A-1633-4917-99F4-57635E6FA740}.Release|Mixed Platforms.ActiveCfg = Release|Any CPU
		{FE44674A-1633-4917-99F4-57635E6FA740}.Release|Mixed Platforms.Build.0 = Release|Any CPU
		{FE44674A-1633-4917-99F4-57635E6FA740}.Release|x86.ActiveCfg = Release|Any CPU
		{FE44674A-1633-4917-99F4-57635E6FA740}.Release|x86.Build.0 = Release|Any CPU
		{3E2944E9-3E1D-4E03-A881-FB04A7A6ED67}.Checked|.NET.ActiveCfg = Release|Any CPU
		{3E2944E9-3E1D-4E03-A881-FB04A7A6ED67}.Checked|Any CPU.ActiveCfg = Release|Any CPU
		{3E2944E9-3E1D-4E03-A881-FB04A7A6ED67}.Checked|Any CPU.Build.0 = Release|Any CPU
		{3E2944E9-3E1D-4E03-A881-FB04A7A6ED67}.Checked|Mixed Platforms.ActiveCfg = Release|Any CPU
		{3E2944E9-3E1D-4E03-A881-FB04A7A6ED67}.Checked|Mixed Platforms.Build.0 = Release|Any CPU
		{3E2944E9-3E1D-4E03-A881-FB04A7A6ED67}.Checked|x86.ActiveCfg = Debug|Any CPU
		{3E2944E9-3E1D-4E03-A881-FB04A7A6ED67}.Checked|x86.Build.0 = Debug|Any CPU
		{3E2944E9-3E1D-4E03-A881-FB04A7A6ED67}.Debug|.NET.ActiveCfg = Debug|Any CPU
		{3E2944E9-3E1D-4E03-A881-FB04A7A6ED67}.Debug|Any CPU.ActiveCfg = Debug|Any CPU
		{3E2944E9-3E1D-4E03-A881-FB04A7A6ED67}.Debug|Any CPU.Build.0 = Debug|Any CPU
		{3E2944E9-3E1D-4E03-A881-FB04A7A6ED67}.Debug|Mixed Platforms.ActiveCfg = Debug|Any CPU
		{3E2944E9-3E1D-4E03-A881-FB04A7A6ED67}.Debug|Mixed Platforms.Build.0 = Debug|Any CPU
		{3E2944E9-3E1D-4E03-A881-FB04A7A6ED67}.Debug|x86.ActiveCfg = Debug|Any CPU
		{3E2944E9-3E1D-4E03-A881-FB04A7A6ED67}.Debug|x86.Build.0 = Debug|Any CPU
		{3E2944E9-3E1D-4E03-A881-FB04A7A6ED67}.QED|.NET.ActiveCfg = Debug|Any CPU
		{3E2944E9-3E1D-4E03-A881-FB04A7A6ED67}.QED|.NET.Build.0 = Debug|Any CPU
		{3E2944E9-3E1D-4E03-A881-FB04A7A6ED67}.QED|Any CPU.ActiveCfg = Debug|Any CPU
		{3E2944E9-3E1D-4E03-A881-FB04A7A6ED67}.QED|Any CPU.Build.0 = Debug|Any CPU
		{3E2944E9-3E1D-4E03-A881-FB04A7A6ED67}.QED|Mixed Platforms.ActiveCfg = Debug|Any CPU
		{3E2944E9-3E1D-4E03-A881-FB04A7A6ED67}.QED|Mixed Platforms.Build.0 = Debug|Any CPU
		{3E2944E9-3E1D-4E03-A881-FB04A7A6ED67}.QED|x86.ActiveCfg = Debug|Any CPU
		{3E2944E9-3E1D-4E03-A881-FB04A7A6ED67}.QED|x86.Build.0 = Debug|Any CPU
		{3E2944E9-3E1D-4E03-A881-FB04A7A6ED67}.Release|.NET.ActiveCfg = Release|Any CPU
		{3E2944E9-3E1D-4E03-A881-FB04A7A6ED67}.Release|Any CPU.ActiveCfg = Release|Any CPU
		{3E2944E9-3E1D-4E03-A881-FB04A7A6ED67}.Release|Any CPU.Build.0 = Release|Any CPU
		{3E2944E9-3E1D-4E03-A881-FB04A7A6ED67}.Release|Mixed Platforms.ActiveCfg = Release|Any CPU
		{3E2944E9-3E1D-4E03-A881-FB04A7A6ED67}.Release|Mixed Platforms.Build.0 = Release|Any CPU
		{3E2944E9-3E1D-4E03-A881-FB04A7A6ED67}.Release|x86.ActiveCfg = Release|Any CPU
		{3E2944E9-3E1D-4E03-A881-FB04A7A6ED67}.Release|x86.Build.0 = Release|Any CPU
		{6D4E722B-FC78-4989-A239-13887C8751F2}.Checked|.NET.ActiveCfg = Release|Any CPU
		{6D4E722B-FC78-4989-A239-13887C8751F2}.Checked|.NET.Build.0 = Release|Any CPU
		{6D4E722B-FC78-4989-A239-13887C8751F2}.Checked|Any CPU.ActiveCfg = Release|Any CPU
		{6D4E722B-FC78-4989-A239-13887C8751F2}.Checked|Any CPU.Build.0 = Release|Any CPU
		{6D4E722B-FC78-4989-A239-13887C8751F2}.Checked|Mixed Platforms.ActiveCfg = Release|Any CPU
		{6D4E722B-FC78-4989-A239-13887C8751F2}.Checked|Mixed Platforms.Build.0 = Release|Any CPU
		{6D4E722B-FC78-4989-A239-13887C8751F2}.Checked|x86.ActiveCfg = Release|Any CPU
		{6D4E722B-FC78-4989-A239-13887C8751F2}.Checked|x86.Build.0 = Release|Any CPU
		{6D4E722B-FC78-4989-A239-13887C8751F2}.Debug|.NET.ActiveCfg = Debug|Any CPU
		{6D4E722B-FC78-4989-A239-13887C8751F2}.Debug|.NET.Build.0 = Debug|Any CPU
		{6D4E722B-FC78-4989-A239-13887C8751F2}.Debug|Any CPU.ActiveCfg = Debug|Any CPU
		{6D4E722B-FC78-4989-A239-13887C8751F2}.Debug|Any CPU.Build.0 = Debug|Any CPU
		{6D4E722B-FC78-4989-A239-13887C8751F2}.Debug|Mixed Platforms.ActiveCfg = Debug|Any CPU
		{6D4E722B-FC78-4989-A239-13887C8751F2}.Debug|Mixed Platforms.Build.0 = Debug|Any CPU
		{6D4E722B-FC78-4989-A239-13887C8751F2}.Debug|x86.ActiveCfg = Debug|Any CPU
		{6D4E722B-FC78-4989-A239-13887C8751F2}.Debug|x86.Build.0 = Debug|Any CPU
		{6D4E722B-FC78-4989-A239-13887C8751F2}.QED|.NET.ActiveCfg = Release|Any CPU
		{6D4E722B-FC78-4989-A239-13887C8751F2}.QED|.NET.Build.0 = Release|Any CPU
		{6D4E722B-FC78-4989-A239-13887C8751F2}.QED|Any CPU.ActiveCfg = Release|Any CPU
		{6D4E722B-FC78-4989-A239-13887C8751F2}.QED|Any CPU.Build.0 = Release|Any CPU
		{6D4E722B-FC78-4989-A239-13887C8751F2}.QED|Mixed Platforms.ActiveCfg = Release|Any CPU
		{6D4E722B-FC78-4989-A239-13887C8751F2}.QED|Mixed Platforms.Build.0 = Release|Any CPU
		{6D4E722B-FC78-4989-A239-13887C8751F2}.QED|x86.ActiveCfg = Release|Any CPU
		{6D4E722B-FC78-4989-A239-13887C8751F2}.QED|x86.Build.0 = Release|Any CPU
		{6D4E722B-FC78-4989-A239-13887C8751F2}.Release|.NET.ActiveCfg = Release|Any CPU
		{6D4E722B-FC78-4989-A239-13887C8751F2}.Release|.NET.Build.0 = Release|Any CPU
		{6D4E722B-FC78-4989-A239-13887C8751F2}.Release|Any CPU.ActiveCfg = Release|Any CPU
		{6D4E722B-FC78-4989-A239-13887C8751F2}.Release|Any CPU.Build.0 = Release|Any CPU
		{6D4E722B-FC78-4989-A239-13887C8751F2}.Release|Mixed Platforms.ActiveCfg = Release|Any CPU
		{6D4E722B-FC78-4989-A239-13887C8751F2}.Release|Mixed Platforms.Build.0 = Release|Any CPU
		{6D4E722B-FC78-4989-A239-13887C8751F2}.Release|x86.ActiveCfg = Release|Any CPU
		{6D4E722B-FC78-4989-A239-13887C8751F2}.Release|x86.Build.0 = Release|Any CPU
		{8D4722CA-573B-4839-91AB-CD3B5A7D1A86}.Checked|.NET.ActiveCfg = Debug|Any CPU
		{8D4722CA-573B-4839-91AB-CD3B5A7D1A86}.Checked|.NET.Build.0 = Debug|Any CPU
		{8D4722CA-573B-4839-91AB-CD3B5A7D1A86}.Checked|Any CPU.ActiveCfg = Debug|Any CPU
		{8D4722CA-573B-4839-91AB-CD3B5A7D1A86}.Checked|Any CPU.Build.0 = Debug|Any CPU
		{8D4722CA-573B-4839-91AB-CD3B5A7D1A86}.Checked|Mixed Platforms.ActiveCfg = Debug|Any CPU
		{8D4722CA-573B-4839-91AB-CD3B5A7D1A86}.Checked|Mixed Platforms.Build.0 = Debug|Any CPU
		{8D4722CA-573B-4839-91AB-CD3B5A7D1A86}.Checked|x86.ActiveCfg = Debug|Any CPU
		{8D4722CA-573B-4839-91AB-CD3B5A7D1A86}.Checked|x86.Build.0 = Debug|Any CPU
		{8D4722CA-573B-4839-91AB-CD3B5A7D1A86}.Debug|.NET.ActiveCfg = Debug|Any CPU
		{8D4722CA-573B-4839-91AB-CD3B5A7D1A86}.Debug|.NET.Build.0 = Debug|Any CPU
		{8D4722CA-573B-4839-91AB-CD3B5A7D1A86}.Debug|Any CPU.ActiveCfg = Debug|Any CPU
		{8D4722CA-573B-4839-91AB-CD3B5A7D1A86}.Debug|Any CPU.Build.0 = Debug|Any CPU
		{8D4722CA-573B-4839-91AB-CD3B5A7D1A86}.Debug|Mixed Platforms.ActiveCfg = Debug|Any CPU
		{8D4722CA-573B-4839-91AB-CD3B5A7D1A86}.Debug|Mixed Platforms.Build.0 = Debug|Any CPU
		{8D4722CA-573B-4839-91AB-CD3B5A7D1A86}.Debug|x86.ActiveCfg = Debug|Any CPU
		{8D4722CA-573B-4839-91AB-CD3B5A7D1A86}.Debug|x86.Build.0 = Debug|Any CPU
		{8D4722CA-573B-4839-91AB-CD3B5A7D1A86}.QED|.NET.ActiveCfg = Debug|Any CPU
		{8D4722CA-573B-4839-91AB-CD3B5A7D1A86}.QED|.NET.Build.0 = Debug|Any CPU
		{8D4722CA-573B-4839-91AB-CD3B5A7D1A86}.QED|Any CPU.ActiveCfg = Debug|Any CPU
		{8D4722CA-573B-4839-91AB-CD3B5A7D1A86}.QED|Any CPU.Build.0 = Debug|Any CPU
		{8D4722CA-573B-4839-91AB-CD3B5A7D1A86}.QED|Mixed Platforms.ActiveCfg = Debug|Any CPU
		{8D4722CA-573B-4839-91AB-CD3B5A7D1A86}.QED|Mixed Platforms.Build.0 = Debug|Any CPU
		{8D4722CA-573B-4839-91AB-CD3B5A7D1A86}.QED|x86.ActiveCfg = Debug|Any CPU
		{8D4722CA-573B-4839-91AB-CD3B5A7D1A86}.QED|x86.Build.0 = Debug|Any CPU
		{8D4722CA-573B-4839-91AB-CD3B5A7D1A86}.Release|.NET.ActiveCfg = Release|Any CPU
		{8D4722CA-573B-4839-91AB-CD3B5A7D1A86}.Release|.NET.Build.0 = Release|Any CPU
		{8D4722CA-573B-4839-91AB-CD3B5A7D1A86}.Release|Any CPU.ActiveCfg = Release|Any CPU
		{8D4722CA-573B-4839-91AB-CD3B5A7D1A86}.Release|Any CPU.Build.0 = Release|Any CPU
		{8D4722CA-573B-4839-91AB-CD3B5A7D1A86}.Release|Mixed Platforms.ActiveCfg = Release|Any CPU
		{8D4722CA-573B-4839-91AB-CD3B5A7D1A86}.Release|Mixed Platforms.Build.0 = Release|Any CPU
		{8D4722CA-573B-4839-91AB-CD3B5A7D1A86}.Release|x86.ActiveCfg = Release|Any CPU
		{8D4722CA-573B-4839-91AB-CD3B5A7D1A86}.Release|x86.Build.0 = Release|Any CPU
		{176EBC8D-9DB9-4F24-BE05-57D0C102F4DF}.Checked|.NET.ActiveCfg = Debug|Any CPU
		{176EBC8D-9DB9-4F24-BE05-57D0C102F4DF}.Checked|.NET.Build.0 = Debug|Any CPU
		{176EBC8D-9DB9-4F24-BE05-57D0C102F4DF}.Checked|Any CPU.ActiveCfg = Debug|Any CPU
		{176EBC8D-9DB9-4F24-BE05-57D0C102F4DF}.Checked|Any CPU.Build.0 = Debug|Any CPU
		{176EBC8D-9DB9-4F24-BE05-57D0C102F4DF}.Checked|Mixed Platforms.ActiveCfg = Debug|Any CPU
		{176EBC8D-9DB9-4F24-BE05-57D0C102F4DF}.Checked|Mixed Platforms.Build.0 = Debug|Any CPU
		{176EBC8D-9DB9-4F24-BE05-57D0C102F4DF}.Checked|x86.ActiveCfg = Debug|Any CPU
		{176EBC8D-9DB9-4F24-BE05-57D0C102F4DF}.Checked|x86.Build.0 = Debug|Any CPU
		{176EBC8D-9DB9-4F24-BE05-57D0C102F4DF}.Debug|.NET.ActiveCfg = Debug|Any CPU
		{176EBC8D-9DB9-4F24-BE05-57D0C102F4DF}.Debug|.NET.Build.0 = Debug|Any CPU
		{176EBC8D-9DB9-4F24-BE05-57D0C102F4DF}.Debug|Any CPU.ActiveCfg = Debug|Any CPU
		{176EBC8D-9DB9-4F24-BE05-57D0C102F4DF}.Debug|Any CPU.Build.0 = Debug|Any CPU
		{176EBC8D-9DB9-4F24-BE05-57D0C102F4DF}.Debug|Mixed Platforms.ActiveCfg = Debug|Any CPU
		{176EBC8D-9DB9-4F24-BE05-57D0C102F4DF}.Debug|Mixed Platforms.Build.0 = Debug|Any CPU
		{176EBC8D-9DB9-4F24-BE05-57D0C102F4DF}.Debug|x86.ActiveCfg = Debug|Any CPU
		{176EBC8D-9DB9-4F24-BE05-57D0C102F4DF}.Debug|x86.Build.0 = Debug|Any CPU
		{176EBC8D-9DB9-4F24-BE05-57D0C102F4DF}.QED|.NET.ActiveCfg = Debug|Any CPU
		{176EBC8D-9DB9-4F24-BE05-57D0C102F4DF}.QED|.NET.Build.0 = Debug|Any CPU
		{176EBC8D-9DB9-4F24-BE05-57D0C102F4DF}.QED|Any CPU.ActiveCfg = Debug|Any CPU
		{176EBC8D-9DB9-4F24-BE05-57D0C102F4DF}.QED|Any CPU.Build.0 = Debug|Any CPU
		{176EBC8D-9DB9-4F24-BE05-57D0C102F4DF}.QED|Mixed Platforms.ActiveCfg = Debug|Any CPU
		{176EBC8D-9DB9-4F24-BE05-57D0C102F4DF}.QED|Mixed Platforms.Build.0 = Debug|Any CPU
		{176EBC8D-9DB9-4F24-BE05-57D0C102F4DF}.QED|x86.ActiveCfg = Debug|Any CPU
		{176EBC8D-9DB9-4F24-BE05-57D0C102F4DF}.QED|x86.Build.0 = Debug|Any CPU
		{176EBC8D-9DB9-4F24-BE05-57D0C102F4DF}.Release|.NET.ActiveCfg = Release|Any CPU
		{176EBC8D-9DB9-4F24-BE05-57D0C102F4DF}.Release|.NET.Build.0 = Release|Any CPU
		{176EBC8D-9DB9-4F24-BE05-57D0C102F4DF}.Release|Any CPU.ActiveCfg = Release|Any CPU
		{176EBC8D-9DB9-4F24-BE05-57D0C102F4DF}.Release|Any CPU.Build.0 = Release|Any CPU
		{176EBC8D-9DB9-4F24-BE05-57D0C102F4DF}.Release|Mixed Platforms.ActiveCfg = Release|Any CPU
		{176EBC8D-9DB9-4F24-BE05-57D0C102F4DF}.Release|Mixed Platforms.Build.0 = Release|Any CPU
		{176EBC8D-9DB9-4F24-BE05-57D0C102F4DF}.Release|x86.ActiveCfg = Release|Any CPU
		{176EBC8D-9DB9-4F24-BE05-57D0C102F4DF}.Release|x86.Build.0 = Release|Any CPU
		{BCAB0A03-E8FE-4965-AE7B-203AB4C08946}.Checked|.NET.ActiveCfg = Debug|Any CPU
		{BCAB0A03-E8FE-4965-AE7B-203AB4C08946}.Checked|.NET.Build.0 = Debug|Any CPU
		{BCAB0A03-E8FE-4965-AE7B-203AB4C08946}.Checked|Any CPU.ActiveCfg = Debug|Any CPU
		{BCAB0A03-E8FE-4965-AE7B-203AB4C08946}.Checked|Any CPU.Build.0 = Debug|Any CPU
		{BCAB0A03-E8FE-4965-AE7B-203AB4C08946}.Checked|Mixed Platforms.ActiveCfg = Debug|Any CPU
		{BCAB0A03-E8FE-4965-AE7B-203AB4C08946}.Checked|Mixed Platforms.Build.0 = Debug|Any CPU
		{BCAB0A03-E8FE-4965-AE7B-203AB4C08946}.Checked|x86.ActiveCfg = Debug|Any CPU
		{BCAB0A03-E8FE-4965-AE7B-203AB4C08946}.Checked|x86.Build.0 = Debug|Any CPU
		{BCAB0A03-E8FE-4965-AE7B-203AB4C08946}.Debug|.NET.ActiveCfg = Debug|Any CPU
		{BCAB0A03-E8FE-4965-AE7B-203AB4C08946}.Debug|.NET.Build.0 = Debug|Any CPU
		{BCAB0A03-E8FE-4965-AE7B-203AB4C08946}.Debug|Any CPU.ActiveCfg = Debug|Any CPU
		{BCAB0A03-E8FE-4965-AE7B-203AB4C08946}.Debug|Any CPU.Build.0 = Debug|Any CPU
		{BCAB0A03-E8FE-4965-AE7B-203AB4C08946}.Debug|Mixed Platforms.ActiveCfg = Debug|Any CPU
		{BCAB0A03-E8FE-4965-AE7B-203AB4C08946}.Debug|Mixed Platforms.Build.0 = Debug|Any CPU
		{BCAB0A03-E8FE-4965-AE7B-203AB4C08946}.Debug|x86.ActiveCfg = Debug|Any CPU
		{BCAB0A03-E8FE-4965-AE7B-203AB4C08946}.Debug|x86.Build.0 = Debug|Any CPU
		{BCAB0A03-E8FE-4965-AE7B-203AB4C08946}.QED|.NET.ActiveCfg = Debug|Any CPU
		{BCAB0A03-E8FE-4965-AE7B-203AB4C08946}.QED|.NET.Build.0 = Debug|Any CPU
		{BCAB0A03-E8FE-4965-AE7B-203AB4C08946}.QED|Any CPU.ActiveCfg = Debug|Any CPU
		{BCAB0A03-E8FE-4965-AE7B-203AB4C08946}.QED|Any CPU.Build.0 = Debug|Any CPU
		{BCAB0A03-E8FE-4965-AE7B-203AB4C08946}.QED|Mixed Platforms.ActiveCfg = Debug|Any CPU
		{BCAB0A03-E8FE-4965-AE7B-203AB4C08946}.QED|Mixed Platforms.Build.0 = Debug|Any CPU
		{BCAB0A03-E8FE-4965-AE7B-203AB4C08946}.QED|x86.ActiveCfg = Debug|Any CPU
		{BCAB0A03-E8FE-4965-AE7B-203AB4C08946}.QED|x86.Build.0 = Debug|Any CPU
		{BCAB0A03-E8FE-4965-AE7B-203AB4C08946}.Release|.NET.ActiveCfg = Release|Any CPU
		{BCAB0A03-E8FE-4965-AE7B-203AB4C08946}.Release|.NET.Build.0 = Release|Any CPU
		{BCAB0A03-E8FE-4965-AE7B-203AB4C08946}.Release|Any CPU.ActiveCfg = Release|Any CPU
		{BCAB0A03-E8FE-4965-AE7B-203AB4C08946}.Release|Any CPU.Build.0 = Release|Any CPU
		{BCAB0A03-E8FE-4965-AE7B-203AB4C08946}.Release|Mixed Platforms.ActiveCfg = Release|Any CPU
		{BCAB0A03-E8FE-4965-AE7B-203AB4C08946}.Release|Mixed Platforms.Build.0 = Release|Any CPU
		{BCAB0A03-E8FE-4965-AE7B-203AB4C08946}.Release|x86.ActiveCfg = Release|Any CPU
		{BCAB0A03-E8FE-4965-AE7B-203AB4C08946}.Release|x86.Build.0 = Release|Any CPU
		{B9E7C32F-F342-4594-8973-0EF7F9E4823E}.Checked|.NET.ActiveCfg = Debug|Any CPU
		{B9E7C32F-F342-4594-8973-0EF7F9E4823E}.Checked|.NET.Build.0 = Debug|Any CPU
		{B9E7C32F-F342-4594-8973-0EF7F9E4823E}.Checked|Any CPU.ActiveCfg = Debug|Any CPU
		{B9E7C32F-F342-4594-8973-0EF7F9E4823E}.Checked|Any CPU.Build.0 = Debug|Any CPU
		{B9E7C32F-F342-4594-8973-0EF7F9E4823E}.Checked|Mixed Platforms.ActiveCfg = Debug|Any CPU
		{B9E7C32F-F342-4594-8973-0EF7F9E4823E}.Checked|Mixed Platforms.Build.0 = Debug|Any CPU
		{B9E7C32F-F342-4594-8973-0EF7F9E4823E}.Checked|x86.ActiveCfg = Debug|Any CPU
		{B9E7C32F-F342-4594-8973-0EF7F9E4823E}.Checked|x86.Build.0 = Debug|Any CPU
		{B9E7C32F-F342-4594-8973-0EF7F9E4823E}.Debug|.NET.ActiveCfg = Debug|Any CPU
		{B9E7C32F-F342-4594-8973-0EF7F9E4823E}.Debug|.NET.Build.0 = Debug|Any CPU
		{B9E7C32F-F342-4594-8973-0EF7F9E4823E}.Debug|Any CPU.ActiveCfg = Debug|Any CPU
		{B9E7C32F-F342-4594-8973-0EF7F9E4823E}.Debug|Any CPU.Build.0 = Debug|Any CPU
		{B9E7C32F-F342-4594-8973-0EF7F9E4823E}.Debug|Mixed Platforms.ActiveCfg = Debug|Any CPU
		{B9E7C32F-F342-4594-8973-0EF7F9E4823E}.Debug|Mixed Platforms.Build.0 = Debug|Any CPU
		{B9E7C32F-F342-4594-8973-0EF7F9E4823E}.Debug|x86.ActiveCfg = Debug|Any CPU
		{B9E7C32F-F342-4594-8973-0EF7F9E4823E}.Debug|x86.Build.0 = Debug|Any CPU
		{B9E7C32F-F342-4594-8973-0EF7F9E4823E}.QED|.NET.ActiveCfg = Debug|Any CPU
		{B9E7C32F-F342-4594-8973-0EF7F9E4823E}.QED|.NET.Build.0 = Debug|Any CPU
		{B9E7C32F-F342-4594-8973-0EF7F9E4823E}.QED|Any CPU.ActiveCfg = Debug|Any CPU
		{B9E7C32F-F342-4594-8973-0EF7F9E4823E}.QED|Any CPU.Build.0 = Debug|Any CPU
		{B9E7C32F-F342-4594-8973-0EF7F9E4823E}.QED|Mixed Platforms.ActiveCfg = Debug|Any CPU
		{B9E7C32F-F342-4594-8973-0EF7F9E4823E}.QED|Mixed Platforms.Build.0 = Debug|Any CPU
		{B9E7C32F-F342-4594-8973-0EF7F9E4823E}.QED|x86.ActiveCfg = Debug|Any CPU
		{B9E7C32F-F342-4594-8973-0EF7F9E4823E}.QED|x86.Build.0 = Debug|Any CPU
		{B9E7C32F-F342-4594-8973-0EF7F9E4823E}.Release|.NET.ActiveCfg = Release|Any CPU
		{B9E7C32F-F342-4594-8973-0EF7F9E4823E}.Release|.NET.Build.0 = Release|Any CPU
		{B9E7C32F-F342-4594-8973-0EF7F9E4823E}.Release|Any CPU.ActiveCfg = Release|Any CPU
		{B9E7C32F-F342-4594-8973-0EF7F9E4823E}.Release|Any CPU.Build.0 = Release|Any CPU
		{B9E7C32F-F342-4594-8973-0EF7F9E4823E}.Release|Mixed Platforms.ActiveCfg = Release|Any CPU
		{B9E7C32F-F342-4594-8973-0EF7F9E4823E}.Release|Mixed Platforms.Build.0 = Release|Any CPU
		{B9E7C32F-F342-4594-8973-0EF7F9E4823E}.Release|x86.ActiveCfg = Release|Any CPU
		{B9E7C32F-F342-4594-8973-0EF7F9E4823E}.Release|x86.Build.0 = Release|Any CPU
		{AC9B21AE-EBC1-4A27-AD11-ED031FC7B4A2}.Checked|.NET.ActiveCfg = Checked|Any CPU
		{AC9B21AE-EBC1-4A27-AD11-ED031FC7B4A2}.Checked|.NET.Build.0 = Checked|Any CPU
		{AC9B21AE-EBC1-4A27-AD11-ED031FC7B4A2}.Checked|Any CPU.ActiveCfg = Checked|Any CPU
		{AC9B21AE-EBC1-4A27-AD11-ED031FC7B4A2}.Checked|Any CPU.Build.0 = Checked|Any CPU
		{AC9B21AE-EBC1-4A27-AD11-ED031FC7B4A2}.Checked|Mixed Platforms.ActiveCfg = Checked|Any CPU
		{AC9B21AE-EBC1-4A27-AD11-ED031FC7B4A2}.Checked|Mixed Platforms.Build.0 = Checked|Any CPU
		{AC9B21AE-EBC1-4A27-AD11-ED031FC7B4A2}.Checked|x86.ActiveCfg = Checked|Any CPU
		{AC9B21AE-EBC1-4A27-AD11-ED031FC7B4A2}.Checked|x86.Build.0 = Checked|Any CPU
		{AC9B21AE-EBC1-4A27-AD11-ED031FC7B4A2}.Debug|.NET.ActiveCfg = Debug|Any CPU
		{AC9B21AE-EBC1-4A27-AD11-ED031FC7B4A2}.Debug|.NET.Build.0 = Debug|Any CPU
		{AC9B21AE-EBC1-4A27-AD11-ED031FC7B4A2}.Debug|Any CPU.ActiveCfg = Debug|Any CPU
		{AC9B21AE-EBC1-4A27-AD11-ED031FC7B4A2}.Debug|Any CPU.Build.0 = Debug|Any CPU
		{AC9B21AE-EBC1-4A27-AD11-ED031FC7B4A2}.Debug|Mixed Platforms.ActiveCfg = Debug|Any CPU
		{AC9B21AE-EBC1-4A27-AD11-ED031FC7B4A2}.Debug|Mixed Platforms.Build.0 = Debug|Any CPU
		{AC9B21AE-EBC1-4A27-AD11-ED031FC7B4A2}.Debug|x86.ActiveCfg = Debug|Any CPU
		{AC9B21AE-EBC1-4A27-AD11-ED031FC7B4A2}.Debug|x86.Build.0 = Debug|Any CPU
		{AC9B21AE-EBC1-4A27-AD11-ED031FC7B4A2}.QED|.NET.ActiveCfg = Checked|Any CPU
		{AC9B21AE-EBC1-4A27-AD11-ED031FC7B4A2}.QED|.NET.Build.0 = Checked|Any CPU
		{AC9B21AE-EBC1-4A27-AD11-ED031FC7B4A2}.QED|Any CPU.ActiveCfg = Checked|Any CPU
		{AC9B21AE-EBC1-4A27-AD11-ED031FC7B4A2}.QED|Any CPU.Build.0 = Checked|Any CPU
		{AC9B21AE-EBC1-4A27-AD11-ED031FC7B4A2}.QED|Mixed Platforms.ActiveCfg = Checked|Any CPU
		{AC9B21AE-EBC1-4A27-AD11-ED031FC7B4A2}.QED|Mixed Platforms.Build.0 = Checked|Any CPU
		{AC9B21AE-EBC1-4A27-AD11-ED031FC7B4A2}.QED|x86.ActiveCfg = Checked|Any CPU
		{AC9B21AE-EBC1-4A27-AD11-ED031FC7B4A2}.QED|x86.Build.0 = Checked|Any CPU
		{AC9B21AE-EBC1-4A27-AD11-ED031FC7B4A2}.Release|.NET.ActiveCfg = Release|Any CPU
		{AC9B21AE-EBC1-4A27-AD11-ED031FC7B4A2}.Release|.NET.Build.0 = Release|Any CPU
		{AC9B21AE-EBC1-4A27-AD11-ED031FC7B4A2}.Release|Any CPU.ActiveCfg = Release|Any CPU
		{AC9B21AE-EBC1-4A27-AD11-ED031FC7B4A2}.Release|Any CPU.Build.0 = Release|Any CPU
		{AC9B21AE-EBC1-4A27-AD11-ED031FC7B4A2}.Release|Mixed Platforms.ActiveCfg = Release|Any CPU
		{AC9B21AE-EBC1-4A27-AD11-ED031FC7B4A2}.Release|Mixed Platforms.Build.0 = Release|Any CPU
		{AC9B21AE-EBC1-4A27-AD11-ED031FC7B4A2}.Release|x86.ActiveCfg = Release|Any CPU
		{AC9B21AE-EBC1-4A27-AD11-ED031FC7B4A2}.Release|x86.Build.0 = Release|Any CPU
		{FE13958F-22F0-4AD6-B795-B2A2299ACF6F}.Checked|.NET.ActiveCfg = Debug|Any CPU
		{FE13958F-22F0-4AD6-B795-B2A2299ACF6F}.Checked|.NET.Build.0 = Debug|Any CPU
		{FE13958F-22F0-4AD6-B795-B2A2299ACF6F}.Checked|Any CPU.ActiveCfg = Debug|Any CPU
		{FE13958F-22F0-4AD6-B795-B2A2299ACF6F}.Checked|Any CPU.Build.0 = Debug|Any CPU
		{FE13958F-22F0-4AD6-B795-B2A2299ACF6F}.Checked|Mixed Platforms.ActiveCfg = Debug|Any CPU
		{FE13958F-22F0-4AD6-B795-B2A2299ACF6F}.Checked|Mixed Platforms.Build.0 = Debug|Any CPU
		{FE13958F-22F0-4AD6-B795-B2A2299ACF6F}.Checked|x86.ActiveCfg = Debug|Any CPU
		{FE13958F-22F0-4AD6-B795-B2A2299ACF6F}.Checked|x86.Build.0 = Debug|Any CPU
		{FE13958F-22F0-4AD6-B795-B2A2299ACF6F}.Debug|.NET.ActiveCfg = Debug|Any CPU
		{FE13958F-22F0-4AD6-B795-B2A2299ACF6F}.Debug|.NET.Build.0 = Debug|Any CPU
		{FE13958F-22F0-4AD6-B795-B2A2299ACF6F}.Debug|Any CPU.ActiveCfg = Debug|Any CPU
		{FE13958F-22F0-4AD6-B795-B2A2299ACF6F}.Debug|Any CPU.Build.0 = Debug|Any CPU
		{FE13958F-22F0-4AD6-B795-B2A2299ACF6F}.Debug|Mixed Platforms.ActiveCfg = Debug|Any CPU
		{FE13958F-22F0-4AD6-B795-B2A2299ACF6F}.Debug|Mixed Platforms.Build.0 = Debug|Any CPU
		{FE13958F-22F0-4AD6-B795-B2A2299ACF6F}.Debug|x86.ActiveCfg = Debug|Any CPU
		{FE13958F-22F0-4AD6-B795-B2A2299ACF6F}.Debug|x86.Build.0 = Debug|Any CPU
		{FE13958F-22F0-4AD6-B795-B2A2299ACF6F}.QED|.NET.ActiveCfg = Debug|Any CPU
		{FE13958F-22F0-4AD6-B795-B2A2299ACF6F}.QED|.NET.Build.0 = Debug|Any CPU
		{FE13958F-22F0-4AD6-B795-B2A2299ACF6F}.QED|Any CPU.ActiveCfg = Debug|Any CPU
		{FE13958F-22F0-4AD6-B795-B2A2299ACF6F}.QED|Any CPU.Build.0 = Debug|Any CPU
		{FE13958F-22F0-4AD6-B795-B2A2299ACF6F}.QED|Mixed Platforms.ActiveCfg = Debug|Any CPU
		{FE13958F-22F0-4AD6-B795-B2A2299ACF6F}.QED|Mixed Platforms.Build.0 = Debug|Any CPU
		{FE13958F-22F0-4AD6-B795-B2A2299ACF6F}.QED|x86.ActiveCfg = Debug|Any CPU
		{FE13958F-22F0-4AD6-B795-B2A2299ACF6F}.QED|x86.Build.0 = Debug|Any CPU
		{FE13958F-22F0-4AD6-B795-B2A2299ACF6F}.Release|.NET.ActiveCfg = Release|Any CPU
		{FE13958F-22F0-4AD6-B795-B2A2299ACF6F}.Release|.NET.Build.0 = Release|Any CPU
		{FE13958F-22F0-4AD6-B795-B2A2299ACF6F}.Release|Any CPU.ActiveCfg = Release|Any CPU
		{FE13958F-22F0-4AD6-B795-B2A2299ACF6F}.Release|Any CPU.Build.0 = Release|Any CPU
		{FE13958F-22F0-4AD6-B795-B2A2299ACF6F}.Release|Mixed Platforms.ActiveCfg = Release|Any CPU
		{FE13958F-22F0-4AD6-B795-B2A2299ACF6F}.Release|Mixed Platforms.Build.0 = Release|Any CPU
		{FE13958F-22F0-4AD6-B795-B2A2299ACF6F}.Release|x86.ActiveCfg = Release|Any CPU
		{FE13958F-22F0-4AD6-B795-B2A2299ACF6F}.Release|x86.Build.0 = Release|Any CPU
		{472CF6CA-0D9B-4399-9242-85D944CD6054}.Checked|.NET.ActiveCfg = Debug|Any CPU
		{472CF6CA-0D9B-4399-9242-85D944CD6054}.Checked|.NET.Build.0 = Debug|Any CPU
		{472CF6CA-0D9B-4399-9242-85D944CD6054}.Checked|Any CPU.ActiveCfg = Debug|Any CPU
		{472CF6CA-0D9B-4399-9242-85D944CD6054}.Checked|Any CPU.Build.0 = Debug|Any CPU
		{472CF6CA-0D9B-4399-9242-85D944CD6054}.Checked|Mixed Platforms.ActiveCfg = Debug|Any CPU
		{472CF6CA-0D9B-4399-9242-85D944CD6054}.Checked|Mixed Platforms.Build.0 = Debug|Any CPU
		{472CF6CA-0D9B-4399-9242-85D944CD6054}.Checked|x86.ActiveCfg = Debug|Any CPU
		{472CF6CA-0D9B-4399-9242-85D944CD6054}.Checked|x86.Build.0 = Debug|Any CPU
		{472CF6CA-0D9B-4399-9242-85D944CD6054}.Debug|.NET.ActiveCfg = Debug|Any CPU
		{472CF6CA-0D9B-4399-9242-85D944CD6054}.Debug|.NET.Build.0 = Debug|Any CPU
		{472CF6CA-0D9B-4399-9242-85D944CD6054}.Debug|Any CPU.ActiveCfg = Debug|Any CPU
		{472CF6CA-0D9B-4399-9242-85D944CD6054}.Debug|Any CPU.Build.0 = Debug|Any CPU
		{472CF6CA-0D9B-4399-9242-85D944CD6054}.Debug|Mixed Platforms.ActiveCfg = Debug|Any CPU
		{472CF6CA-0D9B-4399-9242-85D944CD6054}.Debug|Mixed Platforms.Build.0 = Debug|Any CPU
		{472CF6CA-0D9B-4399-9242-85D944CD6054}.Debug|x86.ActiveCfg = Debug|Any CPU
		{472CF6CA-0D9B-4399-9242-85D944CD6054}.Debug|x86.Build.0 = Debug|Any CPU
		{472CF6CA-0D9B-4399-9242-85D944CD6054}.QED|.NET.ActiveCfg = Debug|Any CPU
		{472CF6CA-0D9B-4399-9242-85D944CD6054}.QED|.NET.Build.0 = Debug|Any CPU
		{472CF6CA-0D9B-4399-9242-85D944CD6054}.QED|Any CPU.ActiveCfg = Debug|Any CPU
		{472CF6CA-0D9B-4399-9242-85D944CD6054}.QED|Any CPU.Build.0 = Debug|Any CPU
		{472CF6CA-0D9B-4399-9242-85D944CD6054}.QED|Mixed Platforms.ActiveCfg = Debug|Any CPU
		{472CF6CA-0D9B-4399-9242-85D944CD6054}.QED|Mixed Platforms.Build.0 = Debug|Any CPU
		{472CF6CA-0D9B-4399-9242-85D944CD6054}.QED|x86.ActiveCfg = Debug|Any CPU
		{472CF6CA-0D9B-4399-9242-85D944CD6054}.QED|x86.Build.0 = Debug|Any CPU
		{472CF6CA-0D9B-4399-9242-85D944CD6054}.Release|.NET.ActiveCfg = Release|Any CPU
		{472CF6CA-0D9B-4399-9242-85D944CD6054}.Release|.NET.Build.0 = Release|Any CPU
		{472CF6CA-0D9B-4399-9242-85D944CD6054}.Release|Any CPU.ActiveCfg = Release|Any CPU
		{472CF6CA-0D9B-4399-9242-85D944CD6054}.Release|Any CPU.Build.0 = Release|Any CPU
		{472CF6CA-0D9B-4399-9242-85D944CD6054}.Release|Mixed Platforms.ActiveCfg = Release|Any CPU
		{472CF6CA-0D9B-4399-9242-85D944CD6054}.Release|Mixed Platforms.Build.0 = Release|Any CPU
		{472CF6CA-0D9B-4399-9242-85D944CD6054}.Release|x86.ActiveCfg = Release|Any CPU
		{472CF6CA-0D9B-4399-9242-85D944CD6054}.Release|x86.Build.0 = Release|Any CPU
	EndGlobalSection
	GlobalSection(SolutionProperties) = preSolution
		HideSolutionNode = FALSE
	EndGlobalSection
	GlobalSection(NestedProjects) = preSolution
		{63400D1F-05B2-453E-9592-1EAB74B2C9CC} = {CEEAD6CB-D3C5-442A-9198-9E27E39DE871}
		{FE44674A-1633-4917-99F4-57635E6FA740} = {CEEAD6CB-D3C5-442A-9198-9E27E39DE871}
		{3E2944E9-3E1D-4E03-A881-FB04A7A6ED67} = {CEEAD6CB-D3C5-442A-9198-9E27E39DE871}
		{8D4722CA-573B-4839-91AB-CD3B5A7D1A86} = {37A085B6-5F76-4255-BF6B-5DD5DE1023EA}
		{176EBC8D-9DB9-4F24-BE05-57D0C102F4DF} = {37A085B6-5F76-4255-BF6B-5DD5DE1023EA}
		{BCAB0A03-E8FE-4965-AE7B-203AB4C08946} = {37A085B6-5F76-4255-BF6B-5DD5DE1023EA}
		{B9E7C32F-F342-4594-8973-0EF7F9E4823E} = {37A085B6-5F76-4255-BF6B-5DD5DE1023EA}
		{AC9B21AE-EBC1-4A27-AD11-ED031FC7B4A2} = {CEEAD6CB-D3C5-442A-9198-9E27E39DE871}
		{FE13958F-22F0-4AD6-B795-B2A2299ACF6F} = {37A085B6-5F76-4255-BF6B-5DD5DE1023EA}
		{472CF6CA-0D9B-4399-9242-85D944CD6054} = {37A085B6-5F76-4255-BF6B-5DD5DE1023EA}
	EndGlobalSection
	GlobalSection(ExtensibilityGlobals) = postSolution
		SolutionGuid = {99B9F147-1557-41C6-883E-E773DA068F27}
	EndGlobalSection
EndGlobal
